github.com/Picocrypt/infectious v0.0.0-20240830233326-3a050f65f9ec h1:/cop0/v0HxIJm1XGDgIlzNJ3e4HhM8nIUPZi5RZ/n1w=
github.com/Picocrypt/infectious v0.0.0-20240830233326-3a050f65f9ec/go.mod h1:aaFq/WMVxrU2Exl/tXbTFSXajZrqw0mgn/wi42n0fK4=
golang.org/x/crypto v0.31.0 h1:ihbySMvVjLAeSH1IbfcRTkD/iNscyz8rGzjF/E5hV6U=
golang.org/x/crypto v0.31.0/go.mod h1:kDsLvtWBEx7MV9tJOj9bnXsPbxwJQ6csT/x4KIN4Ssk=
golang.org/x/sys v0.28.0 h1:Fksou7UEQUWlKvIdsqzJmUmCX3cZuD2+P3XyyzwMhlA=
golang.org/x/sys v0.28.0/go.mod h1:/VUhepiaJMQUp4+oa/7Zr1D23ma6VTLIYjOOTFZPUcA=
